// !$*UTF8*$!
{
	archiveVersion = 1;
	classes = {
	};
	objectVersion = 56;
	objects = {

/* Begin PBXBuildFile section */
		550C637C1FDE334E007841BC /* Preferences.xib in Resources */ = {isa = PBXBuildFile; fileRef = 550C637B1FDE334E007841BC /* Preferences.xib */; };
		550C63A21FDE366A007841BC /* Entry.m in Sources */ = {isa = PBXBuildFile; fileRef = 550C639F1FDE366A007841BC /* Entry.m */; };
		550C63A31FDE366A007841BC /* RestlessEngine.m in Sources */ = {isa = PBXBuildFile; fileRef = 550C63A01FDE366A007841BC /* RestlessEngine.m */; };
		550C63AB1FDE4D8A007841BC /* PreferencesController.m in Sources */ = {isa = PBXBuildFile; fileRef = 550C63AA1FDE4D8A007841BC /* PreferencesController.m */; };
		550C63AD1FDE5B89007841BC /* TableCell.xib in Resources */ = {isa = PBXBuildFile; fileRef = 550C63AC1FDE5B89007841BC /* TableCell.xib */; };
		550C63B21FDE94C7007841BC /* Fermata.icns in Resources */ = {isa = PBXBuildFile; fileRef = 550C63B11FDE94C6007841BC /* Fermata.icns */; };
		55406C6720B4E7C2001BA95B /* Helper_main.m in Sources */ = {isa = PBXBuildFile; fileRef = 55406C6620B4E7C2001BA95B /* Helper_main.m */; };
		55406C6F20B4E926001BA95B /* com.iccir.Fermata.Helper in Copy LaunchServices */ = {isa = PBXBuildFile; fileRef = 55406C5E20B4E794001BA95B /* com.iccir.Fermata.Helper */; settings = {ATTRIBUTES = (CodeSignOnCopy, ); }; };
		55416FF41FDE0E9500D7529A /* Assets.xcassets in Resources */ = {isa = PBXBuildFile; fileRef = 55416FF31FDE0E9500D7529A /* Assets.xcassets */; };
		55416FF71FDE0E9500D7529A /* MainMenu.xib in Resources */ = {isa = PBXBuildFile; fileRef = 55416FF51FDE0E9500D7529A /* MainMenu.xib */; };
		554170051FDE0EE000D7529A /* main.m in Sources */ = {isa = PBXBuildFile; fileRef = 554170021FDE0EE000D7529A /* main.m */; };
		554170061FDE0EE000D7529A /* AppDelegate.m in Sources */ = {isa = PBXBuildFile; fileRef = 554170041FDE0EE000D7529A /* AppDelegate.m */; };
		FE00000000000000000000A1 /* com.iccir.Fermata.Helper.plist in Copy LaunchDaemons */ = {isa = PBXBuildFile; fileRef = FE00000000000000000000A2 /* com.iccir.Fermata.Helper.plist */; };
		FE00000000000000000000A5 /* HelperInstaller.m in Sources */ = {isa = PBXBuildFile; fileRef = FE00000000000000000000A7 /* HelperInstaller.m */; };
/* End PBXBuildFile section */

/* Begin PBXContainerItemProxy section */
		55406C6C20B4E8A5001BA95B /* PBXContainerItemProxy */ = {
			isa = PBXContainerItemProxy;
			containerPortal = 55416FE51FDE0E9500D7529A /* Project object */;
			proxyType = 1;
			remoteGlobalIDString = 55406C5D20B4E794001BA95B;
			remoteInfo = FermataHelper;
		};
/* End PBXContainerItemProxy section */

/* Begin PBXCopyFilesBuildPhase section */
		55406C6E20B4E915001BA95B /* Copy LaunchServices */ = {
			isa = PBXCopyFilesBuildPhase;
			buildActionMask = 2147483647;
			dstPath = Contents/Library/LaunchServices;
			dstSubfolderSpec = 1;
			files = (
				55406C6F20B4E926001BA95B /* com.iccir.Fermata.Helper in Copy LaunchServices */,
			);
			name = "Copy LaunchServices";
			runOnlyForDeploymentPostprocessing = 0;
		};
		FE00000000000000000000A3 /* Copy LaunchDaemons */ = {
			isa = PBXCopyFilesBuildPhase;
			buildActionMask = 2147483647;
			dstPath = Contents/Library/LaunchDaemons;
			dstSubfolderSpec = 1;
			files = (
				FE00000000000000000000A1 /* com.iccir.Fermata.Helper.plist in Copy LaunchDaemons */,
			);
			name = "Copy LaunchDaemons";
			runOnlyForDeploymentPostprocessing = 0;
		};
/* End PBXCopyFilesBuildPhase section */

/* Begin PBXFileReference section */
		550C637B1FDE334E007841BC /* Preferences.xib */ = {isa = PBXFileReference; lastKnownFileType = file.xib; name = Preferences.xib; path = Resources/Preferences.xib; sourceTree = "<group>"; };
		550C639E1FDE366A007841BC /* Entry.h */ = {isa = PBXFileReference; fileEncoding = 4; lastKnownFileType = sourcecode.c.h; name = Entry.h; path = Source/Entry.h; sourceTree = "<group>"; };
		550C639F1FDE366A007841BC /* Entry.m */ = {isa = PBXFileReference; fileEncoding = 4; lastKnownFileType = sourcecode.c.objc; name = Entry.m; path = Source/Entry.m; sourceTree = "<group>"; };
		550C63A01FDE366A007841BC /* RestlessEngine.m */ = {isa = PBXFileReference; fileEncoding = 4; lastKnownFileType = sourcecode.c.objc; name = RestlessEngine.m; path = Source/RestlessEngine.m; sourceTree = "<group>"; };
		550C63A11FDE366A007841BC /* RestlessEngine.h */ = {isa = PBXFileReference; fileEncoding = 4; lastKnownFileType = sourcecode.c.h; name = RestlessEngine.h; path = Source/RestlessEngine.h; sourceTree = "<group>"; };
		550C63A71FDE36C0007841BC /* Fermata_Info.plist */ = {isa = PBXFileReference; fileEncoding = 4; lastKnownFileType = text.plist.xml; name = Fermata_Info.plist; path = Resources/Fermata_Info.plist; sourceTree = "<group>"; };
		550C63A91FDE4D8A007841BC /* PreferencesController.h */ = {isa = PBXFileReference; lastKnownFileType = sourcecode.c.h; name = PreferencesController.h; path = Source/PreferencesController.h; sourceTree = "<group>"; };
		550C63AA1FDE4D8A007841BC /* PreferencesController.m */ = {isa = PBXFileReference; lastKnownFileType = sourcecode.c.objc; name = PreferencesController.m; path = Source/PreferencesController.m; sourceTree = "<group>"; };
		550C63AC1FDE5B89007841BC /* TableCell.xib */ = {isa = PBXFileReference; lastKnownFileType = file.xib; name = TableCell.xib; path = Resources/TableCell.xib; sourceTree = "<group>"; };
		550C63B11FDE94C6007841BC /* Fermata.icns */ = {isa = PBXFileReference; lastKnownFileType = image.icns; name = Fermata.icns; path = Resources/Fermata.icns; sourceTree = "<group>"; };
		55406C5E20B4E794001BA95B /* com.iccir.Fermata.Helper */ = {isa = PBXFileReference; explicitFileType = "compiled.mach-o.executable"; includeInIndex = 0; path = com.iccir.Fermata.Helper; sourceTree = BUILT_PRODUCTS_DIR; };
		55406C6620B4E7C2001BA95B /* Helper_main.m */ = {isa = PBXFileReference; fileEncoding = 4; lastKnownFileType = sourcecode.c.objc; name = Helper_main.m; path = Source/Helper_main.m; sourceTree = "<group>"; };
		55406C6A20B4E82A001BA95B /* Helper-Info.plist */ = {isa = PBXFileReference; lastKnownFileType = text.plist.xml; name = "Helper-Info.plist"; path = "Resources/Helper-Info.plist"; sourceTree = "<group>"; };
		55406C6B20B4E82A001BA95B /* Helper-launchd.plist */ = {isa = PBXFileReference; lastKnownFileType = text.plist.xml; name = "Helper-launchd.plist"; path = "Resources/Helper-launchd.plist"; sourceTree = "<group>"; };
		55416FED1FDE0E9500D7529A /* Fermata.app */ = {isa = PBXFileReference; explicitFileType = wrapper.application; includeInIndex = 0; path = Fermata.app; sourceTree = BUILT_PRODUCTS_DIR; };
		55416FF31FDE0E9500D7529A /* Assets.xcassets */ = {isa = PBXFileReference; lastKnownFileType = folder.assetcatalog; name = Assets.xcassets; path = Resources/Assets.xcassets; sourceTree = SOURCE_ROOT; };
		55416FF61FDE0E9500D7529A /* Base */ = {isa = PBXFileReference; lastKnownFileType = file.xib; name = Base; path = Base.lproj/MainMenu.xib; sourceTree = "<group>"; };
		554170021FDE0EE000D7529A /* main.m */ = {isa = PBXFileReference; fileEncoding = 4; lastKnownFileType = sourcecode.c.objc; name = main.m; path = Source/main.m; sourceTree = SOURCE_ROOT; };
		554170031FDE0EE000D7529A /* AppDelegate.h */ = {isa = PBXFileReference; fileEncoding = 4; lastKnownFileType = sourcecode.c.h; name = AppDelegate.h; path = Source/AppDelegate.h; sourceTree = SOURCE_ROOT; };
		554170041FDE0EE000D7529A /* AppDelegate.m */ = {isa = PBXFileReference; fileEncoding = 4; lastKnownFileType = sourcecode.c.objc; name = AppDelegate.m; path = Source/AppDelegate.m; sourceTree = SOURCE_ROOT; };
		55B4A59E20B4EC570034DF1B /* AppleSPI.h */ = {isa = PBXFileReference; lastKnownFileType = sourcecode.c.h; name = AppleSPI.h; path = Source/AppleSPI.h; sourceTree = "<group>"; };
		55B4A59F20B506CC0034DF1B /* HelperProtocol.h */ = {isa = PBXFileReference; lastKnownFileType = sourcecode.c.h; name = HelperProtocol.h; path = Source/HelperProtocol.h; sourceTree = "<group>"; };
		FE00000000000000000000A2 /* com.iccir.Fermata.Helper.plist */ = {isa = PBXFileReference; lastKnownFileType = text.plist.xml; name = com.iccir.Fermata.Helper.plist; path = Resources/com.iccir.Fermata.Helper.plist; sourceTree = "<group>"; };
		FE00000000000000000000A6 /* HelperInstaller.h */ = {isa = PBXFileReference; lastKnownFileType = sourcecode.c.h; name = HelperInstaller.h; path = Source/HelperInstaller.h; sourceTree = "<group>"; };
		FE00000000000000000000A7 /* HelperInstaller.m */ = {isa = PBXFileReference; lastKnownFileType = sourcecode.c.objc; name = HelperInstaller.m; path = Source/HelperInstaller.m; sourceTree = "<group>"; };
		FE00000000000000000000B1 /* Fermata.xcconfig */ = {isa = PBXFileReference; lastKnownFileType = text.xcconfig; name = Fermata.xcconfig; path = Config/Fermata.xcconfig; sourceTree = "<group>"; };
/* End PBXFileReference section */

/* Begin PBXFrameworksBuildPhase section */
		55406C5B20B4E794001BA95B /* Frameworks */ = {
			isa = PBXFrameworksBuildPhase;
			buildActionMask = 2147483647;
			files = (
			);
			runOnlyForDeploymentPostprocessing = 0;
		};
		55416FEA1FDE0E9500D7529A /* Frameworks */ = {
			isa = PBXFrameworksBuildPhase;
			buildActionMask = 2147483647;
			files = (
			);
			runOnlyForDeploymentPostprocessing = 0;
		};
/* End PBXFrameworksBuildPhase section */

/* Begin PBXGroup section */
		55406C6520B4E7A7001BA95B /* Helper */ = {
			isa = PBXGroup;
			children = (
				55B4A59F20B506CC0034DF1B /* HelperProtocol.h */,
				55406C6620B4E7C2001BA95B /* Helper_main.m */,
				55406C6A20B4E82A001BA95B /* Helper-Info.plist */,
				55406C6B20B4E82A001BA95B /* Helper-launchd.plist */,
				FE00000000000000000000A2 /* com.iccir.Fermata.Helper.plist */,
			);
			name = Helper;
			sourceTree = "<group>";
		};
		55416FE41FDE0E9500D7529A = {
			isa = PBXGroup;
			children = (
				FE00000000000000000000B1 /* Fermata.xcconfig */,
				554170011FDE0ED000D7529A /* Source */,
				55416FEF1FDE0E9500D7529A /* Resources */,
				55406C6520B4E7A7001BA95B /* Helper */,
				55416FEE1FDE0E9500D7529A /* Products */,
			);
			sourceTree = "<group>";
		};
		55416FEE1FDE0E9500D7529A /* Products */ = {
			isa = PBXGroup;
			children = (
				55416FED1FDE0E9500D7529A /* Fermata.app */,
				55406C5E20B4E794001BA95B /* com.iccir.Fermata.Helper */,
			);
			name = Products;
			sourceTree = "<group>";
		};
		55416FEF1FDE0E9500D7529A /* Resources */ = {
			isa = PBXGroup;
			children = (
				550C63B11FDE94C6007841BC /* Fermata.icns */,
				55416FF31FDE0E9500D7529A /* Assets.xcassets */,
				550C63A71FDE36C0007841BC /* Fermata_Info.plist */,
				55416FF51FDE0E9500D7529A /* MainMenu.xib */,
				550C637B1FDE334E007841BC /* Preferences.xib */,
				550C63AC1FDE5B89007841BC /* TableCell.xib */,
			);
			name = Resources;
			sourceTree = "<group>";
		};
		554170011FDE0ED000D7529A /* Source */ = {
			isa = PBXGroup;
			children = (
				55B4A59E20B4EC570034DF1B /* AppleSPI.h */,
				554170031FDE0EE000D7529A /* AppDelegate.h */,
				554170041FDE0EE000D7529A /* AppDelegate.m */,
				550C63A91FDE4D8A007841BC /* PreferencesController.h */,
				550C63AA1FDE4D8A007841BC /* PreferencesController.m */,
				550C639E1FDE366A007841BC /* Entry.h */,
				550C639F1FDE366A007841BC /* Entry.m */,
				FE00000000000000000000A6 /* HelperInstaller.h */,
				FE00000000000000000000A7 /* HelperInstaller.m */,
				550C63A11FDE366A007841BC /* RestlessEngine.h */,
				550C63A01FDE366A007841BC /* RestlessEngine.m */,
				554170021FDE0EE000D7529A /* main.m */,
			);
			name = Source;
			sourceTree = "<group>";
		};
/* End PBXGroup section */

/* Begin PBXNativeTarget section */
		55406C5D20B4E794001BA95B /* com.iccir.Fermata.Helper */ = {
			isa = PBXNativeTarget;
			buildConfigurationList = 55406C6420B4E794001BA95B /* Build configuration list for PBXNativeTarget "com.iccir.Fermata.Helper" */;
			buildPhases = (
				FE00000000000000000000A4 /* Generate Helper Plists */,
				55406C5A20B4E794001BA95B /* Sources */,
				55406C5B20B4E794001BA95B /* Frameworks */,
			);
			buildRules = (
			);
			dependencies = (
			);
			name = com.iccir.Fermata.Helper;
			productName = FermataHelper;
			productReference = 55406C5E20B4E794001BA95B /* com.iccir.Fermata.Helper */;
			productType = "com.apple.product-type.tool";
		};
		55416FEC1FDE0E9500D7529A /* Fermata */ = {
			isa = PBXNativeTarget;
			buildConfigurationList = 55416FFE1FDE0E9500D7529A /* Build configuration list for PBXNativeTarget "Fermata" */;
			buildPhases = (
				55416FE91FDE0E9500D7529A /* Sources */,
				55416FEA1FDE0E9500D7529A /* Frameworks */,
				55416FEB1FDE0E9500D7529A /* Resources */,
				FE00000000000000000000A3 /* Copy LaunchDaemons */,
				55406C6E20B4E915001BA95B /* Copy LaunchServices */,
			);
			buildRules = (
			);
			dependencies = (
				55406C6D20B4E8A5001BA95B /* PBXTargetDependency */,
			);
			name = Fermata;
			productName = Fermata;
			productReference = 55416FED1FDE0E9500D7529A /* Fermata.app */;
			productType = "com.apple.product-type.application";
		};
/* End PBXNativeTarget section */

/* Begin PBXProject section */
		55416FE51FDE0E9500D7529A /* Project object */ = {
			isa = PBXProject;
			attributes = {
				BuildIndependentTargetsInParallel = YES;
				LastUpgradeCheck = 2700;
				ORGANIZATIONNAME = "Ricci Adams";
				TargetAttributes = {
					55406C5D20B4E794001BA95B = {
						CreatedOnToolsVersion = 9.3;
						ProvisioningStyle = Manual;
					};
					55416FEC1FDE0E9500D7529A = {
						CreatedOnToolsVersion = 9.2;
						ProvisioningStyle = Manual;
					};
				};
			};
			buildConfigurationList = 55416FE81FDE0E9500D7529A /* Build configuration list for PBXProject "Fermata" */;
			compatibilityVersion = "Xcode 14.0";
			developmentRegion = en;
			hasScannedForEncodings = 0;
			knownRegions = (
				en,
				Base,
			);
			mainGroup = 55416FE41FDE0E9500D7529A;
			productRefGroup = 55416FEE1FDE0E9500D7529A /* Products */;
			projectDirPath = "";
			projectRoot = "";
			targets = (
				55416FEC1FDE0E9500D7529A /* Fermata */,
				55406C5D20B4E794001BA95B /* com.iccir.Fermata.Helper */,
			);
		};
/* End PBXProject section */

/* Begin PBXResourcesBuildPhase section */
		55416FEB1FDE0E9500D7529A /* Resources */ = {
			isa = PBXResourcesBuildPhase;
			buildActionMask = 2147483647;
			files = (
				550C63AD1FDE5B89007841BC /* TableCell.xib in Resources */,
				550C63B21FDE94C7007841BC /* Fermata.icns in Resources */,
				55416FF41FDE0E9500D7529A /* Assets.xcassets in Resources */,
				550C637C1FDE334E007841BC /* Preferences.xib in Resources */,
				55416FF71FDE0E9500D7529A /* MainMenu.xib in Resources */,
			);
			runOnlyForDeploymentPostprocessing = 0;
		};
/* End PBXResourcesBuildPhase section */

/* Begin PBXShellScriptBuildPhase section */
		FE00000000000000000000A4 /* Generate Helper Plists */ = {
			isa = PBXShellScriptBuildPhase;
			alwaysOutOfDate = 0;
			buildActionMask = 2147483647;
			files = (
			);
			inputPaths = (
				"$(SRCROOT)/Resources/Helper-Info.plist",
				"$(SRCROOT)/Resources/Helper-launchd.plist",
			);
			name = "Generate Helper Plists";
			outputPaths = (
				"$(DERIVED_FILE_DIR)/Helper-Info.plist",
				"$(DERIVED_FILE_DIR)/Helper-launchd.plist",
			);
			runOnlyForDeploymentPostprocessing = 0;
			shellPath = /bin/sh;
			shellScript = "# Substitutes $(DEVELOPMENT_TEAM) into the helper's embedded plists.\n# These are embedded via -sectcreate, which performs no variable expansion,\n# so the Team ID would otherwise have to be hardcoded in a second place.\nset -euo pipefail\n\nmkdir -p \"$DERIVED_FILE_DIR\"\n\nfor name in Helper-Info Helper-launchd; do\n    sed -e \"s/__DEVELOPMENT_TEAM__/${DEVELOPMENT_TEAM}/g\" \\\n        \"$SRCROOT/Resources/$name.plist\" > \"$DERIVED_FILE_DIR/$name.plist\"\n    plutil -lint \"$DERIVED_FILE_DIR/$name.plist\" > /dev/null\ndone\n";
		};
/* End PBXShellScriptBuildPhase section */

/* Begin PBXSourcesBuildPhase section */
		55406C5A20B4E794001BA95B /* Sources */ = {
			isa = PBXSourcesBuildPhase;
			buildActionMask = 2147483647;
			files = (
				55406C6720B4E7C2001BA95B /* Helper_main.m in Sources */,
			);
			runOnlyForDeploymentPostprocessing = 0;
		};
		55416FE91FDE0E9500D7529A /* Sources */ = {
			isa = PBXSourcesBuildPhase;
			buildActionMask = 2147483647;
			files = (
				550C63A21FDE366A007841BC /* Entry.m in Sources */,
				554170061FDE0EE000D7529A /* AppDelegate.m in Sources */,
				FE00000000000000000000A5 /* HelperInstaller.m in Sources */,
				550C63AB1FDE4D8A007841BC /* PreferencesController.m in Sources */,
				550C63A31FDE366A007841BC /* RestlessEngine.m in Sources */,
				554170051FDE0EE000D7529A /* main.m in Sources */,
			);
			runOnlyForDeploymentPostprocessing = 0;
		};
/* End PBXSourcesBuildPhase section */

/* Begin PBXTargetDependency section */
		55406C6D20B4E8A5001BA95B /* PBXTargetDependency */ = {
			isa = PBXTargetDependency;
			target = 55406C5D20B4E794001BA95B /* com.iccir.Fermata.Helper */;
			targetProxy = 55406C6C20B4E8A5001BA95B /* PBXContainerItemProxy */;
		};
/* End PBXTargetDependency section */

/* Begin PBXVariantGroup section */
		55416FF51FDE0E9500D7529A /* MainMenu.xib */ = {
			isa = PBXVariantGroup;
			children = (
				55416FF61FDE0E9500D7529A /* Base */,
			);
			name = MainMenu.xib;
			path = Resources;
			sourceTree = SOURCE_ROOT;
		};
/* End PBXVariantGroup section */

/* Begin XCBuildConfiguration section */
		55406C6220B4E794001BA95B /* Debug */ = {
			isa = XCBuildConfiguration;
			buildSettings = {
				OTHER_LDFLAGS = (
					"-sectcreate",
					__TEXT,
					__info_plist,
					"$(DERIVED_FILE_DIR)/Helper-Info.plist",
					"-sectcreate",
					__TEXT,
					__launchd_plist,
					"$(DERIVED_FILE_DIR)/Helper-launchd.plist",
				);
				PRODUCT_NAME = "$(TARGET_NAME)";
				SKIP_INSTALL = YES;
			};
			name = Debug;
		};
		55406C6320B4E794001BA95B /* Release */ = {
			isa = XCBuildConfiguration;
			buildSettings = {
				OTHER_LDFLAGS = (
					"-sectcreate",
					__TEXT,
					__info_plist,
					"$(DERIVED_FILE_DIR)/Helper-Info.plist",
					"-sectcreate",
					__TEXT,
					__launchd_plist,
					"$(DERIVED_FILE_DIR)/Helper-launchd.plist",
				);
				PRODUCT_NAME = "$(TARGET_NAME)";
				SKIP_INSTALL = YES;
			};
			name = Release;
		};
		55416FFC1FDE0E9500D7529A /* Debug */ = {
			isa = XCBuildConfiguration;
			baseConfigurationReference = FE00000000000000000000B1 /* Fermata.xcconfig */;
			buildSettings = {
				DEBUG_INFORMATION_FORMAT = dwarf;
				ENABLE_TESTABILITY = YES;
				GCC_DYNAMIC_NO_PIC = NO;
				GCC_OPTIMIZATION_LEVEL = 0;
				GCC_PREPROCESSOR_DEFINITIONS = (
					"DEBUG=1",
					"$(inherited)",
				);
				MTL_ENABLE_DEBUG_INFO = YES;
				ONLY_ACTIVE_ARCH = YES;
			};
			name = Debug;
		};
		55416FFD1FDE0E9500D7529A /* Release */ = {
			isa = XCBuildConfiguration;
			baseConfigurationReference = FE00000000000000000000B1 /* Fermata.xcconfig */;
			buildSettings = {
				DEBUG_INFORMATION_FORMAT = "dwarf-with-dsym";
				ENABLE_NS_ASSERTIONS = NO;
				MTL_ENABLE_DEBUG_INFO = NO;
				ONLY_ACTIVE_ARCH = NO;
			};
			name = Release;
		};
		55416FFF1FDE0E9500D7529A /* Debug */ = {
			isa = XCBuildConfiguration;
			buildSettings = {
				COMBINE_HIDPI_IMAGES = YES;
				INFOPLIST_FILE = Resources/Fermata_Info.plist;
				LD_RUNPATH_SEARCH_PATHS = "$(inherited) @executable_path/../Frameworks";
				PRODUCT_BUNDLE_IDENTIFIER = com.iccir.Fermata;
				PRODUCT_NAME = "$(TARGET_NAME)";
			};
			name = Debug;
		};
		554170001FDE0E9500D7529A /* Release */ = {
			isa = XCBuildConfiguration;
			buildSettings = {
				COMBINE_HIDPI_IMAGES = YES;
				INFOPLIST_FILE = Resources/Fermata_Info.plist;
				LD_RUNPATH_SEARCH_PATHS = "$(inherited) @executable_path/../Frameworks";
				PRODUCT_BUNDLE_IDENTIFIER = com.iccir.Fermata;
				PRODUCT_NAME = "$(TARGET_NAME)";
			};
			name = Release;
		};
/* End XCBuildConfiguration section */

/* Begin XCConfigurationList section */
		55406C6420B4E794001BA95B /* Build configuration list for PBXNativeTarget "com.iccir.Fermata.Helper" */ = {
			isa = XCConfigurationList;
			buildConfigurations = (
				55406C6220B4E794001BA95B /* Debug */,
				55406C6320B4E794001BA95B /* Release */,
			);
			defaultConfigurationIsVisible = 0;
			defaultConfigurationName = Release;
		};
		55416FE81FDE0E9500D7529A /* Build configuration list for PBXProject "Fermata" */ = {
			isa = XCConfigurationList;
			buildConfigurations = (
				55416FFC1FDE0E9500D7529A /* Debug */,
				55416FFD1FDE0E9500D7529A /* Release */,
			);
			defaultConfigurationIsVisible = 0;
			defaultConfigurationName = Release;
		};
		55416FFE1FDE0E9500D7529A /* Build configuration list for PBXNativeTarget "Fermata" */ = {
			isa = XCConfigurationList;
			buildConfigurations = (
				55416FFF1FDE0E9500D7529A /* Debug */,
				554170001FDE0E9500D7529A /* Release */,
			);
			defaultConfigurationIsVisible = 0;
			defaultConfigurationName = Release;
		};
/* End XCConfigurationList section */
	};
	rootObject = 55416FE51FDE0E9500D7529A /* Project object */;
}
